
Microsoft Visual Studio Solution File, Format Version 12.00
# Visual Studio Version 16
VisualStudioVersion = 16.0.30523.141
MinimumVisualStudioVersion = 10.0.40219.1
Project("{FAE04EC0-301F-11D3-BF4B-00C04F79EFBC}") = "USurvive", "USurvive.csproj", "{1B92EA2C-F08F-477E-B56E-C0F76662613C}"
EndProject
Project("{9A19103F-16F7-4668-BE54-9A1E7A4F7556}") = "USurviveTests", "..\USurviveTests\USurviveTests.csproj", "{13BBD088-3F21-4F13-831D-D26960DC3513}"
EndProject
Project("{FAE04EC0-301F-11D3-BF4B-00C04F79EFBC}") = "UITests", "..\UITests\UITests.csproj", "{C733F669-4CB6-4A73-B57D-53D0C4A66526}"
EndProject
Project("{2150E333-8FDC-42A3-9474-1A3956D46DE8}") = "Solution Items", "Solution Items", "{B49DD9DB-763B-43AE-86A9-FFF33A82B03A}"
EndProject
Global
	GlobalSection(SolutionConfigurationPlatforms) = preSolution
		Debug|Any CPU = Debug|Any CPU
		Release|Any CPU = Release|Any CPU
	EndGlobalSection
	GlobalSection(ProjectConfigurationPlatforms) = postSolution
		{1B92EA2C-F08F-477E-B56E-C0F76662613C}.Debug|Any CPU.ActiveCfg = Debug|Any CPU
		{1B92EA2C-F08F-477E-B56E-C0F76662613C}.Debug|Any CPU.Build.0 = Debug|Any CPU
		{1B92EA2C-F08F-477E-B56E-C0F76662613C}.Release|Any CPU.ActiveCfg = Release|Any CPU
		{1B92EA2C-F08F-477E-B56E-C0F76662613C}.Release|Any CPU.Build.0 = Release|Any CPU
		{13BBD088-3F21-4F13-831D-D26960DC3513}.Debug|Any CPU.ActiveCfg = Debug|Any CPU
		{13BBD088-3F21-4F13-831D-D26960DC3513}.Debug|Any CPU.Build.0 = Debug|Any CPU
		{13BBD088-3F21-4F13-831D-D26960DC3513}.Release|Any CPU.ActiveCfg = Release|Any CPU
		{13BBD088-3F21-4F13-831D-D26960DC3513}.Release|Any CPU.Build.0 = Release|Any CPU
		{C733F669-4CB6-4A73-B57D-53D0C4A66526}.Debug|Any CPU.ActiveCfg = Debug|Any CPU
		{C733F669-4CB6-4A73-B57D-53D0C4A66526}.Debug|Any CPU.Build.0 = Debug|Any CPU
		{C733F669-4CB6-4A73-B57D-53D0C4A66526}.Release|Any CPU.ActiveCfg = Release|Any CPU
		{C733F669-4CB6-4A73-B57D-53D0C4A66526}.Release|Any CPU.Build.0 = Release|Any CPU
	EndGlobalSection
	GlobalSection(SolutionProperties) = preSolution
		HideSolutionNode = FALSE
	EndGlobalSection
	GlobalSection(ExtensibilityGlobals) = postSolution
		SolutionGuid = {F4A1C5DD-B1A8-4CD4-BB1A-16D291E8FDE2}
	EndGlobalSection
EndGlobal
